
Microsoft Visual Studio Solution File, Format Version 12.00
# Visual Studio 14
VisualStudioVersion = 14.0.25420.1
MinimumVisualStudioVersion = 10.0.40219.1
Project("{FAE04EC0-301F-11D3-BF4B-00C04F79EFBC}") = "ITI.GateIn.Console.UI", "ITI.GateIn.Console.UI\ITI.GateIn.Console.UI.csproj", "{2D19F4BE-C0BE-4FFB-AC49-E334F226B032}"
EndProject
Project("{FAE04EC0-301F-11D3-BF4B-00C04F79EFBC}") = "ITI.GateIn.Console.DAL", "ITI.GateIn.Console.DAL\ITI.GateIn.Console.DAL.csproj", "{24B9CE9F-F53D-44C0-93D6-7B1BA0BCC28B}"
EndProject
Global
	GlobalSection(SolutionConfigurationPlatforms) = preSolution
		Debug|Any CPU = Debug|Any CPU
		Release|Any CPU = Release|Any CPU
	EndGlobalSection
	GlobalSection(ProjectConfigurationPlatforms) = postSolution
		{2D19F4BE-C0BE-4FFB-AC49-E334F226B032}.Debug|Any CPU.ActiveCfg = Debug|Any CPU
		{2D19F4BE-C0BE-4FFB-AC49-E334F226B032}.Debug|Any CPU.Build.0 = Debug|Any CPU
		{2D19F4BE-C0BE-4FFB-AC49-E334F226B032}.Release|Any CPU.ActiveCfg = Release|Any CPU
		{2D19F4BE-C0BE-4FFB-AC49-E334F226B032}.Release|Any CPU.Build.0 = Release|Any CPU
		{24B9CE9F-F53D-44C0-93D6-7B1BA0BCC28B}.Debug|Any CPU.ActiveCfg = Debug|Any CPU
		{24B9CE9F-F53D-44C0-93D6-7B1BA0BCC28B}.Debug|Any CPU.Build.0 = Debug|Any CPU
		{24B9CE9F-F53D-44C0-93D6-7B1BA0BCC28B}.Release|Any CPU.ActiveCfg = Release|Any CPU
		{24B9CE9F-F53D-44C0-93D6-7B1BA0BCC28B}.Release|Any CPU.Build.0 = Release|Any CPU
	EndGlobalSection
	GlobalSection(SolutionProperties) = preSolution
		HideSolutionNode = FALSE
	EndGlobalSection
EndGlobal
